
Microsoft Visual Studio Solution File, Format Version 12.00
# Visual Studio Version 17
VisualStudioVersion = 17.4.33103.184
MinimumVisualStudioVersion = 10.0.40219.1
Project("{FAE04EC0-301F-11D3-BF4B-00C04F79EFBC}") = "EntityFrameworkSandbox", "EntityFrameworkSandbox.csproj", "{FFD15FD6-BE08-4984-8192-91061D0CDB41}"
EndProject
Global
	GlobalSection(SolutionConfigurationPlatforms) = preSolution
		Debug|Any CPU = Debug|Any CPU
		Release|Any CPU = Release|Any CPU
	EndGlobalSection
	GlobalSection(ProjectConfigurationPlatforms) = postSolution
		{FFD15FD6-BE08-4984-8192-91061D0CDB41}.Debug|Any CPU.ActiveCfg = Debug|Any CPU
		{FFD15FD6-BE08-4984-8192-91061D0CDB41}.Debug|Any CPU.Build.0 = Debug|Any CPU
		{FFD15FD6-BE08-4984-8192-91061D0CDB41}.Release|Any CPU.ActiveCfg = Release|Any CPU
		{FFD15FD6-BE08-4984-8192-91061D0CDB41}.Release|Any CPU.Build.0 = Release|Any CPU
	EndGlobalSection
	GlobalSection(SolutionProperties) = preSolution
		HideSolutionNode = FALSE
	EndGlobalSection
	GlobalSection(ExtensibilityGlobals) = postSolution
		SolutionGuid = {0707C971-CADD-4BD0-886C-E0EF87841A2D}
	EndGlobalSection
EndGlobal
